// !$*UTF8*$!
{
	archiveVersion = 1;
	classes = {
	};
	objectVersion = 50;
	objects = {

/* Begin PBXBuildFile section */
		C8E07AF7F290353CFE1AF1A3 /* Pods_VoyegarApp.framework in Frameworks */ = {isa = PBXBuildFile; fileRef = 5F5415680B20659D31AD02AC /* Pods_VoyegarApp.framework */; };
		D5432CA0CAA8F484AF3D3BF2 /* Pods_VoyegarAppTests.framework in Frameworks */ = {isa = PBXBuildFile; fileRef = 6215A67D054BF6E8E084306C /* Pods_VoyegarAppTests.framework */; };
		DF9F40F220B1285E00CD8B86 /* AppDelegate.swift in Sources */ = {isa = PBXBuildFile; fileRef = DF9F40F120B1285E00CD8B86 /* AppDelegate.swift */; };
		DF9F40F420B1285E00CD8B86 /* ViewController.swift in Sources */ = {isa = PBXBuildFile; fileRef = DF9F40F320B1285E00CD8B86 /* ViewController.swift */; };
		DF9F40F720B1285E00CD8B86 /* Main.storyboard in Resources */ = {isa = PBXBuildFile; fileRef = DF9F40F520B1285E00CD8B86 /* Main.storyboard */; };
		DF9F40FA20B1285E00CD8B86 /* VoyegarApp.xcdatamodeld in Sources */ = {isa = PBXBuildFile; fileRef = DF9F40F820B1285E00CD8B86 /* VoyegarApp.xcdatamodeld */; };
		DF9F40FC20B1289000CD8B86 /* Assets.xcassets in Resources */ = {isa = PBXBuildFile; fileRef = DF9F40FB20B1289000CD8B86 /* Assets.xcassets */; };
		DF9F40FF20B1289100CD8B86 /* LaunchScreen.storyboard in Resources */ = {isa = PBXBuildFile; fileRef = DF9F40FD20B1289100CD8B86 /* LaunchScreen.storyboard */; };
		DF9F410A20B1289300CD8B86 /* VoyegarAppTests.swift in Sources */ = {isa = PBXBuildFile; fileRef = DF9F410920B1289300CD8B86 /* VoyegarAppTests.swift */; };
		DF9F411520B1289300CD8B86 /* VoyegarAppUITests.swift in Sources */ = {isa = PBXBuildFile; fileRef = DF9F411420B1289300CD8B86 /* VoyegarAppUITests.swift */; };
		DF9F412320B1349600CD8B86 /* ModalClasses in Resources */ = {isa = PBXBuildFile; fileRef = DF9F412220B1349600CD8B86 /* ModalClasses */; };
		F0D3E53CF35727831DDFC73B /* Pods_VoyegarAppUITests.framework in Frameworks */ = {isa = PBXBuildFile; fileRef = 28D1CFEB3755FD3442832C72 /* Pods_VoyegarAppUITests.framework */; };
/* End PBXBuildFile section */

/* Begin PBXContainerItemProxy section */
		DF9F410620B1289300CD8B86 /* PBXContainerItemProxy */ = {
			isa = PBXContainerItemProxy;
			containerPortal = DF9F40E620B1285D00CD8B86 /* Project object */;
			proxyType = 1;
			remoteGlobalIDString = DF9F40ED20B1285E00CD8B86;
			remoteInfo = VoyegarApp;
		};
		DF9F411120B1289300CD8B86 /* PBXContainerItemProxy */ = {
			isa = PBXContainerItemProxy;
			containerPortal = DF9F40E620B1285D00CD8B86 /* Project object */;
			proxyType = 1;
			remoteGlobalIDString = DF9F40ED20B1285E00CD8B86;
			remoteInfo = VoyegarApp;
		};
/* End PBXContainerItemProxy section */

/* Begin PBXFileReference section */
		1BF6C487EE8FC051C92F5A40 /* Pods-VoyegarAppUITests.release.xcconfig */ = {isa = PBXFileReference; includeInIndex = 1; lastKnownFileType = text.xcconfig; name = "Pods-VoyegarAppUITests.release.xcconfig"; path = "Pods/Target Support Files/Pods-VoyegarAppUITests/Pods-VoyegarAppUITests.release.xcconfig"; sourceTree = "<group>"; };
		21764E37C7ECA8F80602D25F /* Pods-VoyegarApp.release.xcconfig */ = {isa = PBXFileReference; includeInIndex = 1; lastKnownFileType = text.xcconfig; name = "Pods-VoyegarApp.release.xcconfig"; path = "Pods/Target Support Files/Pods-VoyegarApp/Pods-VoyegarApp.release.xcconfig"; sourceTree = "<group>"; };
		28D1CFEB3755FD3442832C72 /* Pods_VoyegarAppUITests.framework */ = {isa = PBXFileReference; explicitFileType = wrapper.framework; includeInIndex = 0; path = Pods_VoyegarAppUITests.framework; sourceTree = BUILT_PRODUCTS_DIR; };
		2ABECC1167D7DA5C03F6BF39 /* Pods-VoyegarAppTests.release.xcconfig */ = {isa = PBXFileReference; includeInIndex = 1; lastKnownFileType = text.xcconfig; name = "Pods-VoyegarAppTests.release.xcconfig"; path = "Pods/Target Support Files/Pods-VoyegarAppTests/Pods-VoyegarAppTests.release.xcconfig"; sourceTree = "<group>"; };
		5F5415680B20659D31AD02AC /* Pods_VoyegarApp.framework */ = {isa = PBXFileReference; explicitFileType = wrapper.framework; includeInIndex = 0; path = Pods_VoyegarApp.framework; sourceTree = BUILT_PRODUCTS_DIR; };
		6215A67D054BF6E8E084306C /* Pods_VoyegarAppTests.framework */ = {isa = PBXFileReference; explicitFileType = wrapper.framework; includeInIndex = 0; path = Pods_VoyegarAppTests.framework; sourceTree = BUILT_PRODUCTS_DIR; };
		7C9135F48F8351FBA1327278 /* Pods-VoyegarAppUITests.debug.xcconfig */ = {isa = PBXFileReference; includeInIndex = 1; lastKnownFileType = text.xcconfig; name = "Pods-VoyegarAppUITests.debug.xcconfig"; path = "Pods/Target Support Files/Pods-VoyegarAppUITests/Pods-VoyegarAppUITests.debug.xcconfig"; sourceTree = "<group>"; };
		BFE3D77052C31A0BD96ED2D6 /* Pods-VoyegarAppTests.debug.xcconfig */ = {isa = PBXFileReference; includeInIndex = 1; lastKnownFileType = text.xcconfig; name = "Pods-VoyegarAppTests.debug.xcconfig"; path = "Pods/Target Support Files/Pods-VoyegarAppTests/Pods-VoyegarAppTests.debug.xcconfig"; sourceTree = "<group>"; };
		D4A587F366D80CF2659C993B /* Pods-VoyegarApp.debug.xcconfig */ = {isa = PBXFileReference; includeInIndex = 1; lastKnownFileType = text.xcconfig; name = "Pods-VoyegarApp.debug.xcconfig"; path = "Pods/Target Support Files/Pods-VoyegarApp/Pods-VoyegarApp.debug.xcconfig"; sourceTree = "<group>"; };
		DF9F40EE20B1285E00CD8B86 /* VoyegarApp.app */ = {isa = PBXFileReference; explicitFileType = wrapper.application; includeInIndex = 0; path = VoyegarApp.app; sourceTree = BUILT_PRODUCTS_DIR; };
		DF9F40F120B1285E00CD8B86 /* AppDelegate.swift */ = {isa = PBXFileReference; lastKnownFileType = sourcecode.swift; path = AppDelegate.swift; sourceTree = "<group>"; };
		DF9F40F320B1285E00CD8B86 /* ViewController.swift */ = {isa = PBXFileReference; lastKnownFileType = sourcecode.swift; path = ViewController.swift; sourceTree = "<group>"; };
		DF9F40F620B1285E00CD8B86 /* Base */ = {isa = PBXFileReference; lastKnownFileType = file.storyboard; name = Base; path = Base.lproj/Main.storyboard; sourceTree = "<group>"; };
		DF9F40F920B1285E00CD8B86 /* VoyegarApp.xcdatamodel */ = {isa = PBXFileReference; lastKnownFileType = wrapper.xcdatamodel; path = VoyegarApp.xcdatamodel; sourceTree = "<group>"; };
		DF9F40FB20B1289000CD8B86 /* Assets.xcassets */ = {isa = PBXFileReference; lastKnownFileType = folder.assetcatalog; path = Assets.xcassets; sourceTree = "<group>"; };
		DF9F40FE20B1289100CD8B86 /* Base */ = {isa = PBXFileReference; lastKnownFileType = file.storyboard; name = Base; path = Base.lproj/LaunchScreen.storyboard; sourceTree = "<group>"; };
		DF9F410020B1289100CD8B86 /* Info.plist */ = {isa = PBXFileReference; lastKnownFileType = text.plist.xml; path = Info.plist; sourceTree = "<group>"; };
		DF9F410520B1289300CD8B86 /* VoyegarAppTests.xctest */ = {isa = PBXFileReference; explicitFileType = wrapper.cfbundle; includeInIndex = 0; path = VoyegarAppTests.xctest; sourceTree = BUILT_PRODUCTS_DIR; };
		DF9F410920B1289300CD8B86 /* VoyegarAppTests.swift */ = {isa = PBXFileReference; lastKnownFileType = sourcecode.swift; path = VoyegarAppTests.swift; sourceTree = "<group>"; };
		DF9F410B20B1289300CD8B86 /* Info.plist */ = {isa = PBXFileReference; lastKnownFileType = text.plist.xml; path = Info.plist; sourceTree = "<group>"; };
		DF9F411020B1289300CD8B86 /* VoyegarAppUITests.xctest */ = {isa = PBXFileReference; explicitFileType = wrapper.cfbundle; includeInIndex = 0; path = VoyegarAppUITests.xctest; sourceTree = BUILT_PRODUCTS_DIR; };
		DF9F411420B1289300CD8B86 /* VoyegarAppUITests.swift */ = {isa = PBXFileReference; lastKnownFileType = sourcecode.swift; path = VoyegarAppUITests.swift; sourceTree = "<group>"; };
		DF9F411620B1289300CD8B86 /* Info.plist */ = {isa = PBXFileReference; lastKnownFileType = text.plist.xml; path = Info.plist; sourceTree = "<group>"; };
		DF9F412220B1349600CD8B86 /* ModalClasses */ = {isa = PBXFileReference; lastKnownFileType = folder; path = ModalClasses; sourceTree = "<group>"; };
/* End PBXFileReference section */

/* Begin PBXFrameworksBuildPhase section */
		DF9F40EB20B1285E00CD8B86 /* Frameworks */ = {
			isa = PBXFrameworksBuildPhase;
			buildActionMask = 2147483647;
			files = (
				C8E07AF7F290353CFE1AF1A3 /* Pods_VoyegarApp.framework in Frameworks */,
			);
			runOnlyForDeploymentPostprocessing = 0;
		};
		DF9F410220B1289300CD8B86 /* Frameworks */ = {
			isa = PBXFrameworksBuildPhase;
			buildActionMask = 2147483647;
			files = (
				D5432CA0CAA8F484AF3D3BF2 /* Pods_VoyegarAppTests.framework in Frameworks */,
			);
			runOnlyForDeploymentPostprocessing = 0;
		};
		DF9F410D20B1289300CD8B86 /* Frameworks */ = {
			isa = PBXFrameworksBuildPhase;
			buildActionMask = 2147483647;
			files = (
				F0D3E53CF35727831DDFC73B /* Pods_VoyegarAppUITests.framework in Frameworks */,
			);
			runOnlyForDeploymentPostprocessing = 0;
		};
/* End PBXFrameworksBuildPhase section */

/* Begin PBXGroup section */
		CD380597D6AEE31CCA2E32EF /* Frameworks */ = {
			isa = PBXGroup;
			children = (
				5F5415680B20659D31AD02AC /* Pods_VoyegarApp.framework */,
				6215A67D054BF6E8E084306C /* Pods_VoyegarAppTests.framework */,
				28D1CFEB3755FD3442832C72 /* Pods_VoyegarAppUITests.framework */,
			);
			name = Frameworks;
			sourceTree = "<group>";
		};
		DF9F40E520B1285D00CD8B86 = {
			isa = PBXGroup;
			children = (
				DF9F40F020B1285E00CD8B86 /* VoyegarApp */,
				DF9F410820B1289300CD8B86 /* VoyegarAppTests */,
				DF9F411320B1289300CD8B86 /* VoyegarAppUITests */,
				DF9F40EF20B1285E00CD8B86 /* Products */,
				F650CBC9C1EADCB7EFC44CEA /* Pods */,
				CD380597D6AEE31CCA2E32EF /* Frameworks */,
			);
			sourceTree = "<group>";
		};
		DF9F40EF20B1285E00CD8B86 /* Products */ = {
			isa = PBXGroup;
			children = (
				DF9F40EE20B1285E00CD8B86 /* VoyegarApp.app */,
				DF9F410520B1289300CD8B86 /* VoyegarAppTests.xctest */,
				DF9F411020B1289300CD8B86 /* VoyegarAppUITests.xctest */,
			);
			name = Products;
			sourceTree = "<group>";
		};
		DF9F40F020B1285E00CD8B86 /* VoyegarApp */ = {
			isa = PBXGroup;
			children = (
				DF9F412220B1349600CD8B86 /* ModalClasses */,
				DF9F40F120B1285E00CD8B86 /* AppDelegate.swift */,
				DF9F40F320B1285E00CD8B86 /* ViewController.swift */,
				DF9F40F520B1285E00CD8B86 /* Main.storyboard */,
				DF9F40FB20B1289000CD8B86 /* Assets.xcassets */,
				DF9F40FD20B1289100CD8B86 /* LaunchScreen.storyboard */,
				DF9F410020B1289100CD8B86 /* Info.plist */,
				DF9F40F820B1285E00CD8B86 /* VoyegarApp.xcdatamodeld */,
			);
			path = VoyegarApp;
			sourceTree = "<group>";
		};
		DF9F410820B1289300CD8B86 /* VoyegarAppTests */ = {
			isa = PBXGroup;
			children = (
				DF9F410920B1289300CD8B86 /* VoyegarAppTests.swift */,
				DF9F410B20B1289300CD8B86 /* Info.plist */,
			);
			path = VoyegarAppTests;
			sourceTree = "<group>";
		};
		DF9F411320B1289300CD8B86 /* VoyegarAppUITests */ = {
			isa = PBXGroup;
			children = (
				DF9F411420B1289300CD8B86 /* VoyegarAppUITests.swift */,
				DF9F411620B1289300CD8B86 /* Info.plist */,
			);
			path = VoyegarAppUITests;
			sourceTree = "<group>";
		};
		F650CBC9C1EADCB7EFC44CEA /* Pods */ = {
			isa = PBXGroup;
			children = (
				D4A587F366D80CF2659C993B /* Pods-VoyegarApp.debug.xcconfig */,
				21764E37C7ECA8F80602D25F /* Pods-VoyegarApp.release.xcconfig */,
				BFE3D77052C31A0BD96ED2D6 /* Pods-VoyegarAppTests.debug.xcconfig */,
				2ABECC1167D7DA5C03F6BF39 /* Pods-VoyegarAppTests.release.xcconfig */,
				7C9135F48F8351FBA1327278 /* Pods-VoyegarAppUITests.debug.xcconfig */,
				1BF6C487EE8FC051C92F5A40 /* Pods-VoyegarAppUITests.release.xcconfig */,
			);
			name = Pods;
			sourceTree = "<group>";
		};
/* End PBXGroup section */

/* Begin PBXNativeTarget section */
		DF9F40ED20B1285E00CD8B86 /* VoyegarApp */ = {
			isa = PBXNativeTarget;
			buildConfigurationList = DF9F411920B1289300CD8B86 /* Build configuration list for PBXNativeTarget "VoyegarApp" */;
			buildPhases = (
				E1E3D67BC651FFDABECBB593 /* [CP] Check Pods Manifest.lock */,
				DF9F40EA20B1285E00CD8B86 /* Sources */,
				DF9F40EB20B1285E00CD8B86 /* Frameworks */,
				DF9F40EC20B1285E00CD8B86 /* Resources */,
				CE6ED064912BD65A9EA06F68 /* [CP] Embed Pods Frameworks */,
			);
			buildRules = (
			);
			dependencies = (
			);
			name = VoyegarApp;
			productName = VoyegarApp;
			productReference = DF9F40EE20B1285E00CD8B86 /* VoyegarApp.app */;
			productType = "com.apple.product-type.application";
		};
		DF9F410420B1289300CD8B86 /* VoyegarAppTests */ = {
			isa = PBXNativeTarget;
			buildConfigurationList = DF9F411C20B1289300CD8B86 /* Build configuration list for PBXNativeTarget "VoyegarAppTests" */;
			buildPhases = (
				6782BB0E7D13037B3B483B2F /* [CP] Check Pods Manifest.lock */,
				DF9F410120B1289300CD8B86 /* Sources */,
				DF9F410220B1289300CD8B86 /* Frameworks */,
				DF9F410320B1289300CD8B86 /* Resources */,
			);
			buildRules = (
			);
			dependencies = (
				DF9F410720B1289300CD8B86 /* PBXTargetDependency */,
			);
			name = VoyegarAppTests;
			productName = VoyegarAppTests;
			productReference = DF9F410520B1289300CD8B86 /* VoyegarAppTests.xctest */;
			productType = "com.apple.product-type.bundle.unit-test";
		};
		DF9F410F20B1289300CD8B86 /* VoyegarAppUITests */ = {
			isa = PBXNativeTarget;
			buildConfigurationList = DF9F411F20B1289300CD8B86 /* Build configuration list for PBXNativeTarget "VoyegarAppUITests" */;
			buildPhases = (
				38BB969AEB829EE55CF948D6 /* [CP] Check Pods Manifest.lock */,
				DF9F410C20B1289300CD8B86 /* Sources */,
				DF9F410D20B1289300CD8B86 /* Frameworks */,
				DF9F410E20B1289300CD8B86 /* Resources */,
			);
			buildRules = (
			);
			dependencies = (
				DF9F411220B1289300CD8B86 /* PBXTargetDependency */,
			);
			name = VoyegarAppUITests;
			productName = VoyegarAppUITests;
			productReference = DF9F411020B1289300CD8B86 /* VoyegarAppUITests.xctest */;
			productType = "com.apple.product-type.bundle.ui-testing";
		};
/* End PBXNativeTarget section */

/* Begin PBXProject section */
		DF9F40E620B1285D00CD8B86 /* Project object */ = {
			isa = PBXProject;
			attributes = {
				LastSwiftUpdateCheck = 0930;
				LastUpgradeCheck = 0930;
				ORGANIZATIONNAME = "voyager group limited";
				TargetAttributes = {
					DF9F40ED20B1285E00CD8B86 = {
						CreatedOnToolsVersion = 9.3;
					};
					DF9F410420B1289300CD8B86 = {
						CreatedOnToolsVersion = 9.3;
						TestTargetID = DF9F40ED20B1285E00CD8B86;
					};
					DF9F410F20B1289300CD8B86 = {
						CreatedOnToolsVersion = 9.3;
						TestTargetID = DF9F40ED20B1285E00CD8B86;
					};
				};
			};
			buildConfigurationList = DF9F40E920B1285D00CD8B86 /* Build configuration list for PBXProject "VoyegarApp" */;
			compatibilityVersion = "Xcode 9.3";
			developmentRegion = en;
			hasScannedForEncodings = 0;
			knownRegions = (
				en,
				Base,
			);
			mainGroup = DF9F40E520B1285D00CD8B86;
			productRefGroup = DF9F40EF20B1285E00CD8B86 /* Products */;
			projectDirPath = "";
			projectRoot = "";
			targets = (
				DF9F40ED20B1285E00CD8B86 /* VoyegarApp */,
				DF9F410420B1289300CD8B86 /* VoyegarAppTests */,
				DF9F410F20B1289300CD8B86 /* VoyegarAppUITests */,
			);
		};
/* End PBXProject section */

/* Begin PBXResourcesBuildPhase section */
		DF9F40EC20B1285E00CD8B86 /* Resources */ = {
			isa = PBXResourcesBuildPhase;
			buildActionMask = 2147483647;
			files = (
				DF9F40FF20B1289100CD8B86 /* LaunchScreen.storyboard in Resources */,
				DF9F40FC20B1289000CD8B86 /* Assets.xcassets in Resources */,
				DF9F40F720B1285E00CD8B86 /* Main.storyboard in Resources */,
				DF9F412320B1349600CD8B86 /* ModalClasses in Resources */,
			);
			runOnlyForDeploymentPostprocessing = 0;
		};
		DF9F410320B1289300CD8B86 /* Resources */ = {
			isa = PBXResourcesBuildPhase;
			buildActionMask = 2147483647;
			files = (
			);
			runOnlyForDeploymentPostprocessing = 0;
		};
		DF9F410E20B1289300CD8B86 /* Resources */ = {
			isa = PBXResourcesBuildPhase;
			buildActionMask = 2147483647;
			files = (
			);
			runOnlyForDeploymentPostprocessing = 0;
		};
/* End PBXResourcesBuildPhase section */

/* Begin PBXShellScriptBuildPhase section */
		38BB969AEB829EE55CF948D6 /* [CP] Check Pods Manifest.lock */ = {
			isa = PBXShellScriptBuildPhase;
			buildActionMask = 2147483647;
			files = (
			);
			inputPaths = (
				"${PODS_PODFILE_DIR_PATH}/Podfile.lock",
				"${PODS_ROOT}/Manifest.lock",
			);
			name = "[CP] Check Pods Manifest.lock";
			outputPaths = (
				"$(DERIVED_FILE_DIR)/Pods-VoyegarAppUITests-checkManifestLockResult.txt",
			);
			runOnlyForDeploymentPostprocessing = 0;
			shellPath = /bin/sh;
			shellScript = "diff \"${PODS_PODFILE_DIR_PATH}/Podfile.lock\" \"${PODS_ROOT}/Manifest.lock\" > /dev/null\nif [ $? != 0 ] ; then\n    # print error to STDERR\n    echo \"error: The sandbox is not in sync with the Podfile.lock. Run 'pod install' or update your CocoaPods installation.\" >&2\n    exit 1\nfi\n# This output is used by Xcode 'outputs' to avoid re-running this script phase.\necho \"SUCCESS\" > \"${SCRIPT_OUTPUT_FILE_0}\"\n";
			showEnvVarsInLog = 0;
		};
		6782BB0E7D13037B3B483B2F /* [CP] Check Pods Manifest.lock */ = {
			isa = PBXShellScriptBuildPhase;
			buildActionMask = 2147483647;
			files = (
			);
			inputPaths = (
				"${PODS_PODFILE_DIR_PATH}/Podfile.lock",
				"${PODS_ROOT}/Manifest.lock",
			);
			name = "[CP] Check Pods Manifest.lock";
			outputPaths = (
				"$(DERIVED_FILE_DIR)/Pods-VoyegarAppTests-checkManifestLockResult.txt",
			);
			runOnlyForDeploymentPostprocessing = 0;
			shellPath = /bin/sh;
			shellScript = "diff \"${PODS_PODFILE_DIR_PATH}/Podfile.lock\" \"${PODS_ROOT}/Manifest.lock\" > /dev/null\nif [ $? != 0 ] ; then\n    # print error to STDERR\n    echo \"error: The sandbox is not in sync with the Podfile.lock. Run 'pod install' or update your CocoaPods installation.\" >&2\n    exit 1\nfi\n# This output is used by Xcode 'outputs' to avoid re-running this script phase.\necho \"SUCCESS\" > \"${SCRIPT_OUTPUT_FILE_0}\"\n";
			showEnvVarsInLog = 0;
		};
		CE6ED064912BD65A9EA06F68 /* [CP] Embed Pods Frameworks */ = {
			isa = PBXShellScriptBuildPhase;
			buildActionMask = 2147483647;
			files = (
			);
			inputPaths = (
				"${SRCROOT}/Pods/Target Support Files/Pods-VoyegarApp/Pods-VoyegarApp-frameworks.sh",
				"${BUILT_PRODUCTS_DIR}/Alamofire/Alamofire.framework",
				"${BUILT_PRODUCTS_DIR}/SwiftyJSON/SwiftyJSON.framework",
			);
			name = "[CP] Embed Pods Frameworks";
			outputPaths = (
				"${TARGET_BUILD_DIR}/${FRAMEWORKS_FOLDER_PATH}/Alamofire.framework",
				"${TARGET_BUILD_DIR}/${FRAMEWORKS_FOLDER_PATH}/SwiftyJSON.framework",
			);
			runOnlyForDeploymentPostprocessing = 0;
			shellPath = /bin/sh;
			shellScript = "\"${SRCROOT}/Pods/Target Support Files/Pods-VoyegarApp/Pods-VoyegarApp-frameworks.sh\"\n";
			showEnvVarsInLog = 0;
		};
		E1E3D67BC651FFDABECBB593 /* [CP] Check Pods Manifest.lock */ = {
			isa = PBXShellScriptBuildPhase;
			buildActionMask = 2147483647;
			files = (
			);
			inputPaths = (
				"${PODS_PODFILE_DIR_PATH}/Podfile.lock",
				"${PODS_ROOT}/Manifest.lock",
			);
			name = "[CP] Check Pods Manifest.lock";
			outputPaths = (
				"$(DERIVED_FILE_DIR)/Pods-VoyegarApp-checkManifestLockResult.txt",
			);
			runOnlyForDeploymentPostprocessing = 0;
			shellPath = /bin/sh;
			shellScript = "diff \"${PODS_PODFILE_DIR_PATH}/Podfile.lock\" \"${PODS_ROOT}/Manifest.lock\" > /dev/null\nif [ $? != 0 ] ; then\n    # print error to STDERR\n    echo \"error: The sandbox is not in sync with the Podfile.lock. Run 'pod install' or update your CocoaPods installation.\" >&2\n    exit 1\nfi\n# This output is used by Xcode 'outputs' to avoid re-running this script phase.\necho \"SUCCESS\" > \"${SCRIPT_OUTPUT_FILE_0}\"\n";
			showEnvVarsInLog = 0;
		};
/* End PBXShellScriptBuildPhase section */

/* Begin PBXSourcesBuildPhase section */
		DF9F40EA20B1285E00CD8B86 /* Sources */ = {
			isa = PBXSourcesBuildPhase;
			buildActionMask = 2147483647;
			files = (
				DF9F40FA20B1285E00CD8B86 /* VoyegarApp.xcdatamodeld in Sources */,
				DF9F40F420B1285E00CD8B86 /* ViewController.swift in Sources */,
				DF9F40F220B1285E00CD8B86 /* AppDelegate.swift in Sources */,
			);
			runOnlyForDeploymentPostprocessing = 0;
		};
		DF9F410120B1289300CD8B86 /* Sources */ = {
			isa = PBXSourcesBuildPhase;
			buildActionMask = 2147483647;
			files = (
				DF9F410A20B1289300CD8B86 /* VoyegarAppTests.swift in Sources */,
			);
			runOnlyForDeploymentPostprocessing = 0;
		};
		DF9F410C20B1289300CD8B86 /* Sources */ = {
			isa = PBXSourcesBuildPhase;
			buildActionMask = 2147483647;
			files = (
				DF9F411520B1289300CD8B86 /* VoyegarAppUITests.swift in Sources */,
			);
			runOnlyForDeploymentPostprocessing = 0;
		};
/* End PBXSourcesBuildPhase section */

/* Begin PBXTargetDependency section */
		DF9F410720B1289300CD8B86 /* PBXTargetDependency */ = {
			isa = PBXTargetDependency;
			target = DF9F40ED20B1285E00CD8B86 /* VoyegarApp */;
			targetProxy = DF9F410620B1289300CD8B86 /* PBXContainerItemProxy */;
		};
		DF9F411220B1289300CD8B86 /* PBXTargetDependency */ = {
			isa = PBXTargetDependency;
			target = DF9F40ED20B1285E00CD8B86 /* VoyegarApp */;
			targetProxy = DF9F411120B1289300CD8B86 /* PBXContainerItemProxy */;
		};
/* End PBXTargetDependency section */

/* Begin PBXVariantGroup section */
		DF9F40F520B1285E00CD8B86 /* Main.storyboard */ = {
			isa = PBXVariantGroup;
			children = (
				DF9F40F620B1285E00CD8B86 /* Base */,
			);
			name = Main.storyboard;
			sourceTree = "<group>";
		};
		DF9F40FD20B1289100CD8B86 /* LaunchScreen.storyboard */ = {
			isa = PBXVariantGroup;
			children = (
				DF9F40FE20B1289100CD8B86 /* Base */,
			);
			name = LaunchScreen.storyboard;
			sourceTree = "<group>";
		};
/* End PBXVariantGroup section */

/* Begin XCBuildConfiguration section */
		DF9F411720B1289300CD8B86 /* Debug */ = {
			isa = XCBuildConfiguration;
			buildSettings = {
				ALWAYS_SEARCH_USER_PATHS = NO;
				CLANG_ANALYZER_NONNULL = YES;
				CLANG_ANALYZER_NUMBER_OBJECT_CONVERSION = YES_AGGRESSIVE;
				CLANG_CXX_LANGUAGE_STANDARD = "gnu++14";
				CLANG_CXX_LIBRARY = "libc++";
				CLANG_ENABLE_MODULES = YES;
				CLANG_ENABLE_OBJC_ARC = YES;
				CLANG_ENABLE_OBJC_WEAK = YES;
				CLANG_WARN_BLOCK_CAPTURE_AUTORELEASING = YES;
				CLANG_WARN_BOOL_CONVERSION = YES;
				CLANG_WARN_COMMA = YES;
				CLANG_WARN_CONSTANT_CONVERSION = YES;
				CLANG_WARN_DEPRECATED_OBJC_IMPLEMENTATIONS = YES;
				CLANG_WARN_DIRECT_OBJC_ISA_USAGE = YES_ERROR;
				CLANG_WARN_DOCUMENTATION_COMMENTS = YES;
				CLANG_WARN_EMPTY_BODY = YES;
				CLANG_WARN_ENUM_CONVERSION = YES;
				CLANG_WARN_INFINITE_RECURSION = YES;
				CLANG_WARN_INT_CONVERSION = YES;
				CLANG_WARN_NON_LITERAL_NULL_CONVERSION = YES;
				CLANG_WARN_OBJC_IMPLICIT_RETAIN_SELF = YES;
				CLANG_WARN_OBJC_LITERAL_CONVERSION = YES;
				CLANG_WARN_OBJC_ROOT_CLASS = YES_ERROR;
				CLANG_WARN_RANGE_LOOP_ANALYSIS = YES;
				CLANG_WARN_STRICT_PROTOTYPES = YES;
				CLANG_WARN_SUSPICIOUS_MOVE = YES;
				CLANG_WARN_UNGUARDED_AVAILABILITY = YES_AGGRESSIVE;
				CLANG_WARN_UNREACHABLE_CODE = YES;
				CLANG_WARN__DUPLICATE_METHOD_MATCH = YES;
				CODE_SIGN_IDENTITY = "iPhone Developer";
				COPY_PHASE_STRIP = NO;
				DEBUG_INFORMATION_FORMAT = dwarf;
				ENABLE_STRICT_OBJC_MSGSEND = YES;
				ENABLE_TESTABILITY = YES;
				GCC_C_LANGUAGE_STANDARD = gnu11;
				GCC_DYNAMIC_NO_PIC = NO;
				GCC_NO_COMMON_BLOCKS = YES;
				GCC_OPTIMIZATION_LEVEL = 0;
				GCC_PREPROCESSOR_DEFINITIONS = (
					"DEBUG=1",
					"$(inherited)",
				);
				GCC_WARN_64_TO_32_BIT_CONVERSION = YES;
				GCC_WARN_ABOUT_RETURN_TYPE = YES_ERROR;
				GCC_WARN_UNDECLARED_SELECTOR = YES;
				GCC_WARN_UNINITIALIZED_AUTOS = YES_AGGRESSIVE;
				GCC_WARN_UNUSED_FUNCTION = YES;
				GCC_WARN_UNUSED_VARIABLE = YES;
				IPHONEOS_DEPLOYMENT_TARGET = 11.3;
				MTL_ENABLE_DEBUG_INFO = YES;
				ONLY_ACTIVE_ARCH = YES;
				SDKROOT = iphoneos;
				SWIFT_ACTIVE_COMPILATION_CONDITIONS = DEBUG;
				SWIFT_OPTIMIZATION_LEVEL = "-Onone";
			};
			name = Debug;
		};
		DF9F411820B1289300CD8B86 /* Release */ = {
			isa = XCBuildConfiguration;
			buildSettings = {
				ALWAYS_SEARCH_USER_PATHS = NO;
				CLANG_ANALYZER_NONNULL = YES;
				CLANG_ANALYZER_NUMBER_OBJECT_CONVERSION = YES_AGGRESSIVE;
				CLANG_CXX_LANGUAGE_STANDARD = "gnu++14";
				CLANG_CXX_LIBRARY = "libc++";
				CLANG_ENABLE_MODULES = YES;
				CLANG_ENABLE_OBJC_ARC = YES;
				CLANG_ENABLE_OBJC_WEAK = YES;
				CLANG_WARN_BLOCK_CAPTURE_AUTORELEASING = YES;
				CLANG_WARN_BOOL_CONVERSION = YES;
				CLANG_WARN_COMMA = YES;
				CLANG_WARN_CONSTANT_CONVERSION = YES;
				CLANG_WARN_DEPRECATED_OBJC_IMPLEMENTATIONS = YES;
				CLANG_WARN_DIRECT_OBJC_ISA_USAGE = YES_ERROR;
				CLANG_WARN_DOCUMENTATION_COMMENTS = YES;
				CLANG_WARN_EMPTY_BODY = YES;
				CLANG_WARN_ENUM_CONVERSION = YES;
				CLANG_WARN_INFINITE_RECURSION = YES;
				CLANG_WARN_INT_CONVERSION = YES;
				CLANG_WARN_NON_LITERAL_NULL_CONVERSION = YES;
				CLANG_WARN_OBJC_IMPLICIT_RETAIN_SELF = YES;
				CLANG_WARN_OBJC_LITERAL_CONVERSION = YES;
				CLANG_WARN_OBJC_ROOT_CLASS = YES_ERROR;
				CLANG_WARN_RANGE_LOOP_ANALYSIS = YES;
				CLANG_WARN_STRICT_PROTOTYPES = YES;
				CLANG_WARN_SUSPICIOUS_MOVE = YES;
				CLANG_WARN_UNGUARDED_AVAILABILITY = YES_AGGRESSIVE;
				CLANG_WARN_UNREACHABLE_CODE = YES;
				CLANG_WARN__DUPLICATE_METHOD_MATCH = YES;
				CODE_SIGN_IDENTITY = "iPhone Developer";
				COPY_PHASE_STRIP = NO;
				DEBUG_INFORMATION_FORMAT = "dwarf-with-dsym";
				ENABLE_NS_ASSERTIONS = NO;
				ENABLE_STRICT_OBJC_MSGSEND = YES;
				GCC_C_LANGUAGE_STANDARD = gnu11;
				GCC_NO_COMMON_BLOCKS = YES;
				GCC_WARN_64_TO_32_BIT_CONVERSION = YES;
				GCC_WARN_ABOUT_RETURN_TYPE = YES_ERROR;
				GCC_WARN_UNDECLARED_SELECTOR = YES;
				GCC_WARN_UNINITIALIZED_AUTOS = YES_AGGRESSIVE;
				GCC_WARN_UNUSED_FUNCTION = YES;
				GCC_WARN_UNUSED_VARIABLE = YES;
				IPHONEOS_DEPLOYMENT_TARGET = 11.3;
				MTL_ENABLE_DEBUG_INFO = NO;
				SDKROOT = iphoneos;
				SWIFT_COMPILATION_MODE = wholemodule;
				SWIFT_OPTIMIZATION_LEVEL = "-O";
				VALIDATE_PRODUCT = YES;
			};
			name = Release;
		};
		DF9F411A20B1289300CD8B86 /* Debug */ = {
			isa = XCBuildConfiguration;
			baseConfigurationReference = D4A587F366D80CF2659C993B /* Pods-VoyegarApp.debug.xcconfig */;
			buildSettings = {
				ASSETCATALOG_COMPILER_APPICON_NAME = AppIcon;
				CODE_SIGN_STYLE = Automatic;
				DEVELOPMENT_TEAM = N5X572ZG44;
				INFOPLIST_FILE = VoyegarApp/Info.plist;
				LD_RUNPATH_SEARCH_PATHS = (
					"$(inherited)",
					"@executable_path/Frameworks",
				);
				PRODUCT_BUNDLE_IDENTIFIER = GKP.VoyegarApp;
				PRODUCT_NAME = "$(TARGET_NAME)";
				SWIFT_VERSION = 4.0;
				TARGETED_DEVICE_FAMILY = "1,2";
			};
			name = Debug;
		};
		DF9F411B20B1289300CD8B86 /* Release */ = {
			isa = XCBuildConfiguration;
			baseConfigurationReference = 21764E37C7ECA8F80602D25F /* Pods-VoyegarApp.release.xcconfig */;
			buildSettings = {
				ASSETCATALOG_COMPILER_APPICON_NAME = AppIcon;
				CODE_SIGN_STYLE = Automatic;
				DEVELOPMENT_TEAM = N5X572ZG44;
				INFOPLIST_FILE = VoyegarApp/Info.plist;
				LD_RUNPATH_SEARCH_PATHS = (
					"$(inherited)",
					"@executable_path/Frameworks",
				);
				PRODUCT_BUNDLE_IDENTIFIER = GKP.VoyegarApp;
				PRODUCT_NAME = "$(TARGET_NAME)";
				SWIFT_VERSION = 4.0;
				TARGETED_DEVICE_FAMILY = "1,2";
			};
			name = Release;
		};
		DF9F411D20B1289300CD8B86 /* Debug */ = {
			isa = XCBuildConfiguration;
			baseConfigurationReference = BFE3D77052C31A0BD96ED2D6 /* Pods-VoyegarAppTests.debug.xcconfig */;
			buildSettings = {
				ALWAYS_EMBED_SWIFT_STANDARD_LIBRARIES = YES;
				BUNDLE_LOADER = "$(TEST_HOST)";
				CODE_SIGN_STYLE = Automatic;
				DEVELOPMENT_TEAM = N5X572ZG44;
				INFOPLIST_FILE = VoyegarAppTests/Info.plist;
				LD_RUNPATH_SEARCH_PATHS = (
					"$(inherited)",
					"@executable_path/Frameworks",
					"@loader_path/Frameworks",
				);
				PRODUCT_BUNDLE_IDENTIFIER = GKP.VoyegarAppTests;
				PRODUCT_NAME = "$(TARGET_NAME)";
				SWIFT_VERSION = 4.0;
				TARGETED_DEVICE_FAMILY = "1,2";
				TEST_HOST = "$(BUILT_PRODUCTS_DIR)/VoyegarApp.app/VoyegarApp";
			};
			name = Debug;
		};
		DF9F411E20B1289300CD8B86 /* Release */ = {
			isa = XCBuildConfiguration;
			baseConfigurationReference = 2ABECC1167D7DA5C03F6BF39 /* Pods-VoyegarAppTests.release.xcconfig */;
			buildSettings = {
				ALWAYS_EMBED_SWIFT_STANDARD_LIBRARIES = YES;
				BUNDLE_LOADER = "$(TEST_HOST)";
				CODE_SIGN_STYLE = Automatic;
				DEVELOPMENT_TEAM = N5X572ZG44;
				INFOPLIST_FILE = VoyegarAppTests/Info.plist;
				LD_RUNPATH_SEARCH_PATHS = (
					"$(inherited)",
					"@executable_path/Frameworks",
					"@loader_path/Frameworks",
				);
				PRODUCT_BUNDLE_IDENTIFIER = GKP.VoyegarAppTests;
				PRODUCT_NAME = "$(TARGET_NAME)";
				SWIFT_VERSION = 4.0;
				TARGETED_DEVICE_FAMILY = "1,2";
				TEST_HOST = "$(BUILT_PRODUCTS_DIR)/VoyegarApp.app/VoyegarApp";
			};
			name = Release;
		};
		DF9F412020B1289300CD8B86 /* Debug */ = {
			isa = XCBuildConfiguration;
			baseConfigurationReference = 7C9135F48F8351FBA1327278 /* Pods-VoyegarAppUITests.debug.xcconfig */;
			buildSettings = {
				ALWAYS_EMBED_SWIFT_STANDARD_LIBRARIES = YES;
				CODE_SIGN_STYLE = Automatic;
				DEVELOPMENT_TEAM = N5X572ZG44;
				INFOPLIST_FILE = VoyegarAppUITests/Info.plist;
				LD_RUNPATH_SEARCH_PATHS = (
					"$(inherited)",
					"@executable_path/Frameworks",
					"@loader_path/Frameworks",
				);
				PRODUCT_BUNDLE_IDENTIFIER = GKP.VoyegarAppUITests;
				PRODUCT_NAME = "$(TARGET_NAME)";
				SWIFT_VERSION = 4.0;
				TARGETED_DEVICE_FAMILY = "1,2";
				TEST_TARGET_NAME = VoyegarApp;
			};
			name = Debug;
		};
		DF9F412120B1289300CD8B86 /* Release */ = {
			isa = XCBuildConfiguration;
			baseConfigurationReference = 1BF6C487EE8FC051C92F5A40 /* Pods-VoyegarAppUITests.release.xcconfig */;
			buildSettings = {
				ALWAYS_EMBED_SWIFT_STANDARD_LIBRARIES = YES;
				CODE_SIGN_STYLE = Automatic;
				DEVELOPMENT_TEAM = N5X572ZG44;
				INFOPLIST_FILE = VoyegarAppUITests/Info.plist;
				LD_RUNPATH_SEARCH_PATHS = (
					"$(inherited)",
					"@executable_path/Frameworks",
					"@loader_path/Frameworks",
				);
				PRODUCT_BUNDLE_IDENTIFIER = GKP.VoyegarAppUITests;
				PRODUCT_NAME = "$(TARGET_NAME)";
				SWIFT_VERSION = 4.0;
				TARGETED_DEVICE_FAMILY = "1,2";
				TEST_TARGET_NAME = VoyegarApp;
			};
			name = Release;
		};
/* End XCBuildConfiguration section */

/* Begin XCConfigurationList section */
		DF9F40E920B1285D00CD8B86 /* Build configuration list for PBXProject "VoyegarApp" */ = {
			isa = XCConfigurationList;
			buildConfigurations = (
				DF9F411720B1289300CD8B86 /* Debug */,
				DF9F411820B1289300CD8B86 /* Release */,
			);
			defaultConfigurationIsVisible = 0;
			defaultConfigurationName = Release;
		};
		DF9F411920B1289300CD8B86 /* Build configuration list for PBXNativeTarget "VoyegarApp" */ = {
			isa = XCConfigurationList;
			buildConfigurations = (
				DF9F411A20B1289300CD8B86 /* Debug */,
				DF9F411B20B1289300CD8B86 /* Release */,
			);
			defaultConfigurationIsVisible = 0;
			defaultConfigurationName = Release;
		};
		DF9F411C20B1289300CD8B86 /* Build configuration list for PBXNativeTarget "VoyegarAppTests" */ = {
			isa = XCConfigurationList;
			buildConfigurations = (
				DF9F411D20B1289300CD8B86 /* Debug */,
				DF9F411E20B1289300CD8B86 /* Release */,
			);
			defaultConfigurationIsVisible = 0;
			defaultConfigurationName = Release;
		};
		DF9F411F20B1289300CD8B86 /* Build configuration list for PBXNativeTarget "VoyegarAppUITests" */ = {
			isa = XCConfigurationList;
			buildConfigurations = (
				DF9F412020B1289300CD8B86 /* Debug */,
				DF9F412120B1289300CD8B86 /* Release */,
			);
			defaultConfigurationIsVisible = 0;
			defaultConfigurationName = Release;
		};
/* End XCConfigurationList section */

/* Begin XCVersionGroup section */
		DF9F40F820B1285E00CD8B86 /* VoyegarApp.xcdatamodeld */ = {
			isa = XCVersionGroup;
			children = (
				DF9F40F920B1285E00CD8B86 /* VoyegarApp.xcdatamodel */,
			);
			currentVersion = DF9F40F920B1285E00CD8B86 /* VoyegarApp.xcdatamodel */;
			path = VoyegarApp.xcdatamodeld;
			sourceTree = "<group>";
			versionGroupType = wrapper.xcdatamodel;
		};
/* End XCVersionGroup section */
	};
	rootObject = DF9F40E620B1285D00CD8B86 /* Project object */;
}
